hash: ff8c26d08f083f1f77ba7e858d9876627ef2d4c5345a80b327fa49cea8d738ae
updated: 2019-10-01T11:09:40.449518497+07:00
imports:
- name: github.com/dgrijalva/jwt-go
  version: 06ea1031745cb8b3dab3f6a236daf2b0aa468b7e
- name: github.com/gorilla/handlers
  version: 8a3748addc242fc560bd6d4ff28b0374c010b1b4
- name: github.com/gorilla/mux
  version: 00bdffe0f3c77e27d2cf6f5c70232a2d3e4d9c15
- name: github.com/joho/godotenv
  version: 23d116af351c84513e1946b527c88823e476be13
- name: github.com/lib/pq
  version: 3427c32cb71afc948325f299f040e53c1dd78979
  subpackages:
  - oid
  - scram
- name: golang.org/x/crypto
  version: a832865fa7ada6126f4c6124ac49f71be71bff2a
  subpackages:
  - bcrypt
  - blowfish
testImports: []
